
Microsoft Visual Studio Solution File, Format Version 12.00
# Visual Studio Version 17
VisualStudioVersion = 17.3.32819.101
MinimumVisualStudioVersion = 10.0.40219.1
Project("{FAE04EC0-301F-11D3-BF4B-00C04F79EFBC}") = "Rechner", "Rechner\Rechner.csproj", "{CA757094-E952-4C40-B19E-ED0DDDA7F74D}"
EndProject
Global
	GlobalSection(SolutionConfigurationPlatforms) = preSolution
		Debug|Any CPU = Debug|Any CPU
		Release|Any CPU = Release|Any CPU
	EndGlobalSection
	GlobalSection(ProjectConfigurationPlatforms) = postSolution
		{CA757094-E952-4C40-B19E-ED0DDDA7F74D}.Debug|Any CPU.ActiveCfg = Debug|Any CPU
		{CA757094-E952-4C40-B19E-ED0DDDA7F74D}.Debug|Any CPU.Build.0 = Debug|Any CPU
		{CA757094-E952-4C40-B19E-ED0DDDA7F74D}.Release|Any CPU.ActiveCfg = Release|Any CPU
		{CA757094-E952-4C40-B19E-ED0DDDA7F74D}.Release|Any CPU.Build.0 = Release|Any CPU
	EndGlobalSection
	GlobalSection(SolutionProperties) = preSolution
		HideSolutionNode = FALSE
	EndGlobalSection
	GlobalSection(ExtensibilityGlobals) = postSolution
		SolutionGuid = {97D6746C-50BC-47F9-99FA-C6255F6DD43E}
	EndGlobalSection
EndGlobal
